
Microsoft Visual Studio Solution File, Format Version 12.00
# Visual Studio 15
VisualStudioVersion = 15.0.27703.2018
MinimumVisualStudioVersion = 10.0.40219.1
Project("{FAE04EC0-301F-11D3-BF4B-00C04F79EFBC}") = "TDDExample", "TDDExample\TDDExample.csproj", "{2F126DBD-2549-4608-A93B-C87FCB954A5E}"
EndProject
Project("{FAE04EC0-301F-11D3-BF4B-00C04F79EFBC}") = "FizzBuzz.Library", "FizzBuzz.Library\FizzBuzz.Library.csproj", "{C80CDA84-BEF1-4BD8-8D5B-820B69A8F423}"
EndProject
Project("{FAE04EC0-301F-11D3-BF4B-00C04F79EFBC}") = "FizzBuzz.Library.Test", "FizzBuzz.Library.Test\FizzBuzz.Library.Test.csproj", "{7FF52E6A-74E6-41DA-B50A-D9C6665DCC18}"
EndProject
Global
	GlobalSection(SolutionConfigurationPlatforms) = preSolution
		Debug|Any CPU = Debug|Any CPU
		Release|Any CPU = Release|Any CPU
	EndGlobalSection
	GlobalSection(ProjectConfigurationPlatforms) = postSolution
		{2F126DBD-2549-4608-A93B-C87FCB954A5E}.Debug|Any CPU.ActiveCfg = Debug|Any CPU
		{2F126DBD-2549-4608-A93B-C87FCB954A5E}.Debug|Any CPU.Build.0 = Debug|Any CPU
		{2F126DBD-2549-4608-A93B-C87FCB954A5E}.Release|Any CPU.ActiveCfg = Release|Any CPU
		{2F126DBD-2549-4608-A93B-C87FCB954A5E}.Release|Any CPU.Build.0 = Release|Any CPU
		{C80CDA84-BEF1-4BD8-8D5B-820B69A8F423}.Debug|Any CPU.ActiveCfg = Debug|Any CPU
		{C80CDA84-BEF1-4BD8-8D5B-820B69A8F423}.Debug|Any CPU.Build.0 = Debug|Any CPU
		{C80CDA84-BEF1-4BD8-8D5B-820B69A8F423}.Release|Any CPU.ActiveCfg = Release|Any CPU
		{C80CDA84-BEF1-4BD8-8D5B-820B69A8F423}.Release|Any CPU.Build.0 = Release|Any CPU
		{7FF52E6A-74E6-41DA-B50A-D9C6665DCC18}.Debug|Any CPU.ActiveCfg = Debug|Any CPU
		{7FF52E6A-74E6-41DA-B50A-D9C6665DCC18}.Debug|Any CPU.Build.0 = Debug|Any CPU
		{7FF52E6A-74E6-41DA-B50A-D9C6665DCC18}.Release|Any CPU.ActiveCfg = Release|Any CPU
		{7FF52E6A-74E6-41DA-B50A-D9C6665DCC18}.Release|Any CPU.Build.0 = Release|Any CPU
	EndGlobalSection
	GlobalSection(SolutionProperties) = preSolution
		HideSolutionNode = FALSE
	EndGlobalSection
	GlobalSection(ExtensibilityGlobals) = postSolution
		SolutionGuid = {0CBE4D8F-D5D0-4966-ABDB-3450183EA421}
	EndGlobalSection
EndGlobal
